
Microsoft Visual Studio Solution File, Format Version 12.00
# Visual Studio 15
Project("{FAE04EC0-301F-11D3-BF4B-00C04F79EFBC}") = "SQL_Injection", "SQL_Injection\SQL_Injection.csproj", "{994B4D2E-1937-4C9A-B7ED-4CA4B8B26F12}"
EndProject
Project("{FAE04EC0-301F-11D3-BF4B-00C04F79EFBC}") = "SQL_Injection.Database", "SQL_Injection.Database\SQL_Injection.Database.csproj", "{9B2FDA4B-5AE8-49BE-85C3-931ABAFE51EE}"
EndProject
Global
	GlobalSection(SolutionConfigurationPlatforms) = preSolution
		Debug|Any CPU = Debug|Any CPU
		Release|Any CPU = Release|Any CPU
	EndGlobalSection
	GlobalSection(ProjectConfigurationPlatforms) = postSolution
		{994B4D2E-1937-4C9A-B7ED-4CA4B8B26F12}.Debug|Any CPU.ActiveCfg = Debug|Any CPU
		{994B4D2E-1937-4C9A-B7ED-4CA4B8B26F12}.Debug|Any CPU.Build.0 = Debug|Any CPU
		{994B4D2E-1937-4C9A-B7ED-4CA4B8B26F12}.Release|Any CPU.ActiveCfg = Release|Any CPU
		{994B4D2E-1937-4C9A-B7ED-4CA4B8B26F12}.Release|Any CPU.Build.0 = Release|Any CPU
		{9B2FDA4B-5AE8-49BE-85C3-931ABAFE51EE}.Debug|Any CPU.ActiveCfg = Debug|Any CPU
		{9B2FDA4B-5AE8-49BE-85C3-931ABAFE51EE}.Debug|Any CPU.Build.0 = Debug|Any CPU
		{9B2FDA4B-5AE8-49BE-85C3-931ABAFE51EE}.Release|Any CPU.ActiveCfg = Release|Any CPU
		{9B2FDA4B-5AE8-49BE-85C3-931ABAFE51EE}.Release|Any CPU.Build.0 = Release|Any CPU
	EndGlobalSection
EndGlobal
